
Microsoft Visual Studio Solution File, Format Version 12.00
# Visual Studio Version 17
VisualStudioVersion = 17.14.36518.9 d17.14
MinimumVisualStudioVersion = 10.0.40219.1
Project("{FAE04EC0-301F-11D3-BF4B-00C04F79EFBC}") = "BookRen", "BookRen\BookRen.csproj", "{A1FD817C-8E6C-4DA5-9CE8-676F2EDC5AE0}"
EndProject
Global
	GlobalSection(SolutionConfigurationPlatforms) = preSolution
		Debug|Any CPU = Debug|Any CPU
		Release|Any CPU = Release|Any CPU
	EndGlobalSection
	GlobalSection(ProjectConfigurationPlatforms) = postSolution
		{A1FD817C-8E6C-4DA5-9CE8-676F2EDC5AE0}.Debug|Any CPU.ActiveCfg = Debug|Any CPU
		{A1FD817C-8E6C-4DA5-9CE8-676F2EDC5AE0}.Debug|Any CPU.Build.0 = Debug|Any CPU
		{A1FD817C-8E6C-4DA5-9CE8-676F2EDC5AE0}.Release|Any CPU.ActiveCfg = Release|Any CPU
		{A1FD817C-8E6C-4DA5-9CE8-676F2EDC5AE0}.Release|Any CPU.Build.0 = Release|Any CPU
	EndGlobalSection
	GlobalSection(SolutionProperties) = preSolution
		HideSolutionNode = FALSE
	EndGlobalSection
	GlobalSection(ExtensibilityGlobals) = postSolution
		SolutionGuid = {0CE1A1F0-9A18-4065-9816-84C615DCD5EE}
	EndGlobalSection
EndGlobal
